
Microsoft Visual Studio Solution File, Format Version 12.00
# Visual Studio Version 17
VisualStudioVersion = 17.1.32421.90
MinimumVisualStudioVersion = 10.0.40219.1
Project("{FAE04EC0-301F-11D3-BF4B-00C04F79EFBC}") = "Ex1", "Ex1\Ex1.csproj", "{B0C5157D-57DF-42DF-A363-81A6CC34612D}"
EndProject
Project("{FAE04EC0-301F-11D3-BF4B-00C04F79EFBC}") = "Ex2", "Ex2\Ex2.csproj", "{EBEB9BD5-9815-4863-AD48-E8A98D54D2C4}"
EndProject
Project("{FAE04EC0-301F-11D3-BF4B-00C04F79EFBC}") = "Ex3", "Ex3\Ex3.csproj", "{7560381D-06CA-4D84-972E-3654CAF15ADF}"
EndProject
Project("{FAE04EC0-301F-11D3-BF4B-00C04F79EFBC}") = "Ex4", "Ex4\Ex4.csproj", "{5F4D3235-664B-46C9-8BFA-593EFCEA62EB}"
EndProject
Project("{FAE04EC0-301F-11D3-BF4B-00C04F79EFBC}") = "Ex5", "Ex5\Ex5.csproj", "{E62C5DD9-C51F-4FBF-86BC-941217887806}"
EndProject
Project("{FAE04EC0-301F-11D3-BF4B-00C04F79EFBC}") = "Ex6", "Ex6\Ex6.csproj", "{A886BA60-E21E-4B66-B789-8D1CCC254EEB}"
EndProject
Project("{FAE04EC0-301F-11D3-BF4B-00C04F79EFBC}") = "Ex7", "Ex7\Ex7.csproj", "{F51FB8B3-FA8C-4FE0-AC95-745C54C8BFDF}"
EndProject
Project("{FAE04EC0-301F-11D3-BF4B-00C04F79EFBC}") = "Ex8", "Ex8\Ex8.csproj", "{AEF52D5A-8FEB-4EFD-A837-DFE71E9AE1CD}"
EndProject
Project("{FAE04EC0-301F-11D3-BF4B-00C04F79EFBC}") = "Ex9", "Ex9\Ex9.csproj", "{C851949A-7760-4A8E-8F9E-73771ED8308E}"
EndProject
Global
	GlobalSection(SolutionConfigurationPlatforms) = preSolution
		Debug|Any CPU = Debug|Any CPU
		Release|Any CPU = Release|Any CPU
	EndGlobalSection
	GlobalSection(ProjectConfigurationPlatforms) = postSolution
		{B0C5157D-57DF-42DF-A363-81A6CC34612D}.Debug|Any CPU.ActiveCfg = Debug|Any CPU
		{B0C5157D-57DF-42DF-A363-81A6CC34612D}.Debug|Any CPU.Build.0 = Debug|Any CPU
		{B0C5157D-57DF-42DF-A363-81A6CC34612D}.Release|Any CPU.ActiveCfg = Release|Any CPU
		{B0C5157D-57DF-42DF-A363-81A6CC34612D}.Release|Any CPU.Build.0 = Release|Any CPU
		{EBEB9BD5-9815-4863-AD48-E8A98D54D2C4}.Debug|Any CPU.ActiveCfg = Debug|Any CPU
		{EBEB9BD5-9815-4863-AD48-E8A98D54D2C4}.Debug|Any CPU.Build.0 = Debug|Any CPU
		{EBEB9BD5-9815-4863-AD48-E8A98D54D2C4}.Release|Any CPU.ActiveCfg = Release|Any CPU
		{EBEB9BD5-9815-4863-AD48-E8A98D54D2C4}.Release|Any CPU.Build.0 = Release|Any CPU
		{7560381D-06CA-4D84-972E-3654CAF15ADF}.Debug|Any CPU.ActiveCfg = Debug|Any CPU
		{7560381D-06CA-4D84-972E-3654CAF15ADF}.Debug|Any CPU.Build.0 = Debug|Any CPU
		{7560381D-06CA-4D84-972E-3654CAF15ADF}.Release|Any CPU.ActiveCfg = Release|Any CPU
		{7560381D-06CA-4D84-972E-3654CAF15ADF}.Release|Any CPU.Build.0 = Release|Any CPU
		{5F4D3235-664B-46C9-8BFA-593EFCEA62EB}.Debug|Any CPU.ActiveCfg = Debug|Any CPU
		{5F4D3235-664B-46C9-8BFA-593EFCEA62EB}.Debug|Any CPU.Build.0 = Debug|Any CPU
		{5F4D3235-664B-46C9-8BFA-593EFCEA62EB}.Release|Any CPU.ActiveCfg = Release|Any CPU
		{5F4D3235-664B-46C9-8BFA-593EFCEA62EB}.Release|Any CPU.Build.0 = Release|Any CPU
		{E62C5DD9-C51F-4FBF-86BC-941217887806}.Debug|Any CPU.ActiveCfg = Debug|Any CPU
		{E62C5DD9-C51F-4FBF-86BC-941217887806}.Debug|Any CPU.Build.0 = Debug|Any CPU
		{E62C5DD9-C51F-4FBF-86BC-941217887806}.Release|Any CPU.ActiveCfg = Release|Any CPU
		{E62C5DD9-C51F-4FBF-86BC-941217887806}.Release|Any CPU.Build.0 = Release|Any CPU
		{A886BA60-E21E-4B66-B789-8D1CCC254EEB}.Debug|Any CPU.ActiveCfg = Debug|Any CPU
		{A886BA60-E21E-4B66-B789-8D1CCC254EEB}.Debug|Any CPU.Build.0 = Debug|Any CPU
		{A886BA60-E21E-4B66-B789-8D1CCC254EEB}.Release|Any CPU.ActiveCfg = Release|Any CPU
		{A886BA60-E21E-4B66-B789-8D1CCC254EEB}.Release|Any CPU.Build.0 = Release|Any CPU
		{F51FB8B3-FA8C-4FE0-AC95-745C54C8BFDF}.Debug|Any CPU.ActiveCfg = Debug|Any CPU
		{F51FB8B3-FA8C-4FE0-AC95-745C54C8BFDF}.Debug|Any CPU.Build.0 = Debug|Any CPU
		{F51FB8B3-FA8C-4FE0-AC95-745C54C8BFDF}.Release|Any CPU.ActiveCfg = Release|Any CPU
		{F51FB8B3-FA8C-4FE0-AC95-745C54C8BFDF}.Release|Any CPU.Build.0 = Release|Any CPU
		{AEF52D5A-8FEB-4EFD-A837-DFE71E9AE1CD}.Debug|Any CPU.ActiveCfg = Debug|Any CPU
		{AEF52D5A-8FEB-4EFD-A837-DFE71E9AE1CD}.Debug|Any CPU.Build.0 = Debug|Any CPU
		{AEF52D5A-8FEB-4EFD-A837-DFE71E9AE1CD}.Release|Any CPU.ActiveCfg = Release|Any CPU
		{AEF52D5A-8FEB-4EFD-A837-DFE71E9AE1CD}.Release|Any CPU.Build.0 = Release|Any CPU
		{C851949A-7760-4A8E-8F9E-73771ED8308E}.Debug|Any CPU.ActiveCfg = Debug|Any CPU
		{C851949A-7760-4A8E-8F9E-73771ED8308E}.Debug|Any CPU.Build.0 = Debug|Any CPU
		{C851949A-7760-4A8E-8F9E-73771ED8308E}.Release|Any CPU.ActiveCfg = Release|Any CPU
		{C851949A-7760-4A8E-8F9E-73771ED8308E}.Release|Any CPU.Build.0 = Release|Any CPU
	EndGlobalSection
	GlobalSection(SolutionProperties) = preSolution
		HideSolutionNode = FALSE
	EndGlobalSection
	GlobalSection(ExtensibilityGlobals) = postSolution
		SolutionGuid = {703C0E4D-B659-401D-82EE-E690034ED72F}
	EndGlobalSection
EndGlobal
