
Microsoft Visual Studio Solution File, Format Version 12.00
# Visual Studio Version 17
VisualStudioVersion = 17.1.32421.90
MinimumVisualStudioVersion = 10.0.40219.1
Project("{FAE04EC0-301F-11D3-BF4B-00C04F79EFBC}") = "Exercicios_Operadores", "Exercicios_Operadores\Exercicios_Operadores.csproj", "{2C5FE315-3924-4C52-9DE8-5599D31226BB}"
EndProject
Global
	GlobalSection(SolutionConfigurationPlatforms) = preSolution
		Debug|Any CPU = Debug|Any CPU
		Release|Any CPU = Release|Any CPU
	EndGlobalSection
	GlobalSection(ProjectConfigurationPlatforms) = postSolution
		{2C5FE315-3924-4C52-9DE8-5599D31226BB}.Debug|Any CPU.ActiveCfg = Debug|Any CPU
		{2C5FE315-3924-4C52-9DE8-5599D31226BB}.Debug|Any CPU.Build.0 = Debug|Any CPU
		{2C5FE315-3924-4C52-9DE8-5599D31226BB}.Release|Any CPU.ActiveCfg = Release|Any CPU
		{2C5FE315-3924-4C52-9DE8-5599D31226BB}.Release|Any CPU.Build.0 = Release|Any CPU
	EndGlobalSection
	GlobalSection(SolutionProperties) = preSolution
		HideSolutionNode = FALSE
	EndGlobalSection
	GlobalSection(ExtensibilityGlobals) = postSolution
		SolutionGuid = {703C0E4D-B659-401D-82EE-E690034ED72F}
	EndGlobalSection
EndGlobal
